// !$*UTF8*$!
{
	archiveVersion = 1;
	classes = {
	};
	objectVersion = 46;
	objects = {

/* Begin PBXBuildFile section */
		0159FC02F3ECBA2768675EAC /* Pods_SampleForPatrick.framework in Frameworks */ = {isa = PBXBuildFile; fileRef = A574BD0A9B88FF9E8C2CA588 /* Pods_SampleForPatrick.framework */; };
		CAFCD9B11D3383650089315E /* AppDelegate.swift in Sources */ = {isa = PBXBuildFile; fileRef = CAFCD9B01D3383650089315E /* AppDelegate.swift */; };
		CAFCD9B31D3383650089315E /* NewsfeedViewController.swift in Sources */ = {isa = PBXBuildFile; fileRef = CAFCD9B21D3383650089315E /* NewsfeedViewController.swift */; };
		CAFCD9B81D3383650089315E /* Assets.xcassets in Resources */ = {isa = PBXBuildFile; fileRef = CAFCD9B71D3383650089315E /* Assets.xcassets */; };
		CAFCD9BB1D3383650089315E /* LaunchScreen.storyboard in Resources */ = {isa = PBXBuildFile; fileRef = CAFCD9B91D3383650089315E /* LaunchScreen.storyboard */; };
		CAFCD9C51D3384130089315E /* NewsfeedTableViewCell.swift in Sources */ = {isa = PBXBuildFile; fileRef = CAFCD9C41D3384130089315E /* NewsfeedTableViewCell.swift */; };
		CAFCF7641D3C825F00350464 /* Autolayout.swift in Sources */ = {isa = PBXBuildFile; fileRef = CAFCF7631D3C825F00350464 /* Autolayout.swift */; };
		CAFCF76C1D3CC16C00350464 /* RandomColor.swift in Sources */ = {isa = PBXBuildFile; fileRef = CAFCF76B1D3CC16C00350464 /* RandomColor.swift */; };
		CAFCF7701D3CC95700350464 /* NewsfeedSetupContentView.swift in Sources */ = {isa = PBXBuildFile; fileRef = CAFCF76F1D3CC95700350464 /* NewsfeedSetupContentView.swift */; };
		CAFCF7721D3CC96300350464 /* NewsfeedSetupCollectionView.swift in Sources */ = {isa = PBXBuildFile; fileRef = CAFCF7711D3CC96300350464 /* NewsfeedSetupCollectionView.swift */; };
		CAFCF77C1D3CE20200350464 /* tw-cen-mt-condensed.ttf in Resources */ = {isa = PBXBuildFile; fileRef = CAFCF7791D3CE20200350464 /* tw-cen-mt-condensed.ttf */; };
		CAFCF77D1D3CE20200350464 /* tw-cen-mt-condensed-bold.ttf in Resources */ = {isa = PBXBuildFile; fileRef = CAFCF77A1D3CE20200350464 /* tw-cen-mt-condensed-bold.ttf */; };
		CAFCF77E1D3CE20200350464 /* tw-cen-mt-regular.ttf in Resources */ = {isa = PBXBuildFile; fileRef = CAFCF77B1D3CE20200350464 /* tw-cen-mt-regular.ttf */; };
		ED0798541D3DC9710009A73C /* SelectDateViewController.swift in Sources */ = {isa = PBXBuildFile; fileRef = ED0798531D3DC9710009A73C /* SelectDateViewController.swift */; };
		ED19762A1D372FE6004496C4 /* DetailedTimelineCollectionView.swift in Sources */ = {isa = PBXBuildFile; fileRef = ED1976291D372FE6004496C4 /* DetailedTimelineCollectionView.swift */; };
		ED19762C1D373B46004496C4 /* DetailedTimelineTableView.swift in Sources */ = {isa = PBXBuildFile; fileRef = ED19762B1D373B46004496C4 /* DetailedTimelineTableView.swift */; };
		ED19762E1D373D34004496C4 /* DetailedTimelineTableViewCell.swift in Sources */ = {isa = PBXBuildFile; fileRef = ED19762D1D373D34004496C4 /* DetailedTimelineTableViewCell.swift */; };
		ED1976341D378007004496C4 /* DetailedTimelineCollectionViewCell.swift in Sources */ = {isa = PBXBuildFile; fileRef = ED1976331D378007004496C4 /* DetailedTimelineCollectionViewCell.swift */; };
		EDC5F8DF1D3CB9EB00CBF488 /* SelectPhotoViewController.swift in Sources */ = {isa = PBXBuildFile; fileRef = EDC5F8DE1D3CB9EB00CBF488 /* SelectPhotoViewController.swift */; };
		EDC5F8E21D3CBC2400CBF488 /* SelectPhotoCollectionView.swift in Sources */ = {isa = PBXBuildFile; fileRef = EDC5F8E11D3CBC2400CBF488 /* SelectPhotoCollectionView.swift */; };
		EDE25AE21D35E6B2004B4E69 /* NewsfeedTableView.swift in Sources */ = {isa = PBXBuildFile; fileRef = EDE25AE11D35E6B2004B4E69 /* NewsfeedTableView.swift */; };
		EDE25AE41D35EA1D004B4E69 /* NewsfeedCollectionView.swift in Sources */ = {isa = PBXBuildFile; fileRef = EDE25AE31D35EA1D004B4E69 /* NewsfeedCollectionView.swift */; };
		EDE25AEF1D3626A9004B4E69 /* DetailedTimelineViewController.swift in Sources */ = {isa = PBXBuildFile; fileRef = EDE25AEE1D3626A9004B4E69 /* DetailedTimelineViewController.swift */; };
		EDF62EAA1D3DE9A50072CAA8 /* SelectPhotoCollectionViewCell.swift in Sources */ = {isa = PBXBuildFile; fileRef = EDF62EA91D3DE9A50072CAA8 /* SelectPhotoCollectionViewCell.swift */; };
		EDF62EAC1D3DE9F00072CAA8 /* NewsfeedCollectionViewCell.swift in Sources */ = {isa = PBXBuildFile; fileRef = EDF62EAB1D3DE9F00072CAA8 /* NewsfeedCollectionViewCell.swift */; };
		EDF62EB01D3DEE150072CAA8 /* beach.jpg in Resources */ = {isa = PBXBuildFile; fileRef = EDF62EAF1D3DEE150072CAA8 /* beach.jpg */; };
		EDF62EB21D3DFE400072CAA8 /* small-icon.png in Resources */ = {isa = PBXBuildFile; fileRef = EDF62EB11D3DFE400072CAA8 /* small-icon.png */; };
		EDF62EB41D3DFE860072CAA8 /* edit-button.png in Resources */ = {isa = PBXBuildFile; fileRef = EDF62EB31D3DFE860072CAA8 /* edit-button.png */; };
		EDF62EB61D3DFEAE0072CAA8 /* world.png in Resources */ = {isa = PBXBuildFile; fileRef = EDF62EB51D3DFEAE0072CAA8 /* world.png */; };
		EDF62EB81D3DFEB70072CAA8 /* back-button.png in Resources */ = {isa = PBXBuildFile; fileRef = EDF62EB71D3DFEB70072CAA8 /* back-button.png */; };
		EDF62EBA1D3E14A50072CAA8 /* small-location.png in Resources */ = {isa = PBXBuildFile; fileRef = EDF62EB91D3E14A50072CAA8 /* small-location.png */; };
		EDF62EBC1D3E34AE0072CAA8 /* DetailedTimelineViewControllerBasic.swift in Sources */ = {isa = PBXBuildFile; fileRef = EDF62EBB1D3E34AE0072CAA8 /* DetailedTimelineViewControllerBasic.swift */; };
/* End PBXBuildFile section */

/* Begin PBXFileReference section */
		7195089142FFF745DEA26EDB /* Pods-SampleForPatrick.release.xcconfig */ = {isa = PBXFileReference; includeInIndex = 1; lastKnownFileType = text.xcconfig; name = "Pods-SampleForPatrick.release.xcconfig"; path = "Pods/Target Support Files/Pods-SampleForPatrick/Pods-SampleForPatrick.release.xcconfig"; sourceTree = "<group>"; };
		917D856BAB5115A41FF3053B /* Pods-SampleForPatrick.debug.xcconfig */ = {isa = PBXFileReference; includeInIndex = 1; lastKnownFileType = text.xcconfig; name = "Pods-SampleForPatrick.debug.xcconfig"; path = "Pods/Target Support Files/Pods-SampleForPatrick/Pods-SampleForPatrick.debug.xcconfig"; sourceTree = "<group>"; };
		A574BD0A9B88FF9E8C2CA588 /* Pods_SampleForPatrick.framework */ = {isa = PBXFileReference; explicitFileType = wrapper.framework; includeInIndex = 0; path = Pods_SampleForPatrick.framework; sourceTree = BUILT_PRODUCTS_DIR; };
		CAFCD9AD1D3383650089315E /* SampleForPatrick.app */ = {isa = PBXFileReference; explicitFileType = wrapper.application; includeInIndex = 0; path = SampleForPatrick.app; sourceTree = BUILT_PRODUCTS_DIR; };
		CAFCD9B01D3383650089315E /* AppDelegate.swift */ = {isa = PBXFileReference; lastKnownFileType = sourcecode.swift; path = AppDelegate.swift; sourceTree = "<group>"; };
		CAFCD9B21D3383650089315E /* NewsfeedViewController.swift */ = {isa = PBXFileReference; lastKnownFileType = sourcecode.swift; path = NewsfeedViewController.swift; sourceTree = "<group>"; };
		CAFCD9B71D3383650089315E /* Assets.xcassets */ = {isa = PBXFileReference; lastKnownFileType = folder.assetcatalog; path = Assets.xcassets; sourceTree = "<group>"; };
		CAFCD9BA1D3383650089315E /* Base */ = {isa = PBXFileReference; lastKnownFileType = file.storyboard; name = Base; path = Base.lproj/LaunchScreen.storyboard; sourceTree = "<group>"; };
		CAFCD9BC1D3383650089315E /* Info.plist */ = {isa = PBXFileReference; lastKnownFileType = text.plist.xml; path = Info.plist; sourceTree = "<group>"; };
		CAFCD9C41D3384130089315E /* NewsfeedTableViewCell.swift */ = {isa = PBXFileReference; fileEncoding = 4; lastKnownFileType = sourcecode.swift; name = NewsfeedTableViewCell.swift; path = ../NewsfeedTableViewCell.swift; sourceTree = "<group>"; };
		CAFCF7631D3C825F00350464 /* Autolayout.swift */ = {isa = PBXFileReference; fileEncoding = 4; lastKnownFileType = sourcecode.swift; path = Autolayout.swift; sourceTree = "<group>"; };
		CAFCF76B1D3CC16C00350464 /* RandomColor.swift */ = {isa = PBXFileReference; fileEncoding = 4; lastKnownFileType = sourcecode.swift; path = RandomColor.swift; sourceTree = "<group>"; };
		CAFCF76F1D3CC95700350464 /* NewsfeedSetupContentView.swift */ = {isa = PBXFileReference; fileEncoding = 4; lastKnownFileType = sourcecode.swift; path = NewsfeedSetupContentView.swift; sourceTree = "<group>"; };
		CAFCF7711D3CC96300350464 /* NewsfeedSetupCollectionView.swift */ = {isa = PBXFileReference; fileEncoding = 4; lastKnownFileType = sourcecode.swift; path = NewsfeedSetupCollectionView.swift; sourceTree = "<group>"; };
		CAFCF7791D3CE20200350464 /* tw-cen-mt-condensed.ttf */ = {isa = PBXFileReference; lastKnownFileType = file; path = "tw-cen-mt-condensed.ttf"; sourceTree = "<group>"; };
		CAFCF77A1D3CE20200350464 /* tw-cen-mt-condensed-bold.ttf */ = {isa = PBXFileReference; lastKnownFileType = file; path = "tw-cen-mt-condensed-bold.ttf"; sourceTree = "<group>"; };
		CAFCF77B1D3CE20200350464 /* tw-cen-mt-regular.ttf */ = {isa = PBXFileReference; lastKnownFileType = file; path = "tw-cen-mt-regular.ttf"; sourceTree = "<group>"; };
		ED0798531D3DC9710009A73C /* SelectDateViewController.swift */ = {isa = PBXFileReference; fileEncoding = 4; lastKnownFileType = sourcecode.swift; path = SelectDateViewController.swift; sourceTree = "<group>"; };
		ED1976291D372FE6004496C4 /* DetailedTimelineCollectionView.swift */ = {isa = PBXFileReference; fileEncoding = 4; lastKnownFileType = sourcecode.swift; path = DetailedTimelineCollectionView.swift; sourceTree = "<group>"; };
		ED19762B1D373B46004496C4 /* DetailedTimelineTableView.swift */ = {isa = PBXFileReference; fileEncoding = 4; lastKnownFileType = sourcecode.swift; path = DetailedTimelineTableView.swift; sourceTree = "<group>"; };
		ED19762D1D373D34004496C4 /* DetailedTimelineTableViewCell.swift */ = {isa = PBXFileReference; fileEncoding = 4; lastKnownFileType = sourcecode.swift; path = DetailedTimelineTableViewCell.swift; sourceTree = "<group>"; };
		ED1976331D378007004496C4 /* DetailedTimelineCollectionViewCell.swift */ = {isa = PBXFileReference; fileEncoding = 4; lastKnownFileType = sourcecode.swift; path = DetailedTimelineCollectionViewCell.swift; sourceTree = "<group>"; };
		EDC5F8DE1D3CB9EB00CBF488 /* SelectPhotoViewController.swift */ = {isa = PBXFileReference; fileEncoding = 4; lastKnownFileType = sourcecode.swift; path = SelectPhotoViewController.swift; sourceTree = "<group>"; };
		EDC5F8E11D3CBC2400CBF488 /* SelectPhotoCollectionView.swift */ = {isa = PBXFileReference; fileEncoding = 4; lastKnownFileType = sourcecode.swift; name = SelectPhotoCollectionView.swift; path = ../SelectPhotoCollectionView.swift; sourceTree = "<group>"; };
		EDE25AE11D35E6B2004B4E69 /* NewsfeedTableView.swift */ = {isa = PBXFileReference; fileEncoding = 4; lastKnownFileType = sourcecode.swift; path = NewsfeedTableView.swift; sourceTree = "<group>"; };
		EDE25AE31D35EA1D004B4E69 /* NewsfeedCollectionView.swift */ = {isa = PBXFileReference; fileEncoding = 4; lastKnownFileType = sourcecode.swift; path = NewsfeedCollectionView.swift; sourceTree = "<group>"; };
		EDE25AEE1D3626A9004B4E69 /* DetailedTimelineViewController.swift */ = {isa = PBXFileReference; fileEncoding = 4; lastKnownFileType = sourcecode.swift; path = DetailedTimelineViewController.swift; sourceTree = "<group>"; };
		EDF62EA91D3DE9A50072CAA8 /* SelectPhotoCollectionViewCell.swift */ = {isa = PBXFileReference; fileEncoding = 4; lastKnownFileType = sourcecode.swift; path = SelectPhotoCollectionViewCell.swift; sourceTree = "<group>"; };
		EDF62EAB1D3DE9F00072CAA8 /* NewsfeedCollectionViewCell.swift */ = {isa = PBXFileReference; fileEncoding = 4; lastKnownFileType = sourcecode.swift; path = NewsfeedCollectionViewCell.swift; sourceTree = "<group>"; };
		EDF62EAF1D3DEE150072CAA8 /* beach.jpg */ = {isa = PBXFileReference; lastKnownFileType = image.jpeg; path = beach.jpg; sourceTree = "<group>"; };
		EDF62EB11D3DFE400072CAA8 /* small-icon.png */ = {isa = PBXFileReference; lastKnownFileType = image.png; path = "small-icon.png"; sourceTree = "<group>"; };
		EDF62EB31D3DFE860072CAA8 /* edit-button.png */ = {isa = PBXFileReference; lastKnownFileType = image.png; path = "edit-button.png"; sourceTree = "<group>"; };
		EDF62EB51D3DFEAE0072CAA8 /* world.png */ = {isa = PBXFileReference; lastKnownFileType = image.png; path = world.png; sourceTree = "<group>"; };
		EDF62EB71D3DFEB70072CAA8 /* back-button.png */ = {isa = PBXFileReference; lastKnownFileType = image.png; path = "back-button.png"; sourceTree = "<group>"; };
		EDF62EB91D3E14A50072CAA8 /* small-location.png */ = {isa = PBXFileReference; lastKnownFileType = image.png; path = "small-location.png"; sourceTree = "<group>"; };
		EDF62EBB1D3E34AE0072CAA8 /* DetailedTimelineViewControllerBasic.swift */ = {isa = PBXFileReference; fileEncoding = 4; lastKnownFileType = sourcecode.swift; path = DetailedTimelineViewControllerBasic.swift; sourceTree = "<group>"; };
/* End PBXFileReference section */

/* Begin PBXFrameworksBuildPhase section */
		CAFCD9AA1D3383650089315E /* Frameworks */ = {
			isa = PBXFrameworksBuildPhase;
			buildActionMask = 2147483647;
			files = (
				0159FC02F3ECBA2768675EAC /* Pods_SampleForPatrick.framework in Frameworks */,
			);
			runOnlyForDeploymentPostprocessing = 0;
		};
/* End PBXFrameworksBuildPhase section */

/* Begin PBXGroup section */
		CAFCD9A41D3383650089315E = {
			isa = PBXGroup;
			children = (
				CAFCD9AF1D3383650089315E /* SampleForPatrick */,
				CAFCD9AE1D3383650089315E /* Products */,
				E9FD128FD500B8ECC6570827 /* Pods */,
				FF540B7EABCF46C196E0DA6B /* Frameworks */,
			);
			sourceTree = "<group>";
		};
		CAFCD9AE1D3383650089315E /* Products */ = {
			isa = PBXGroup;
			children = (
				CAFCD9AD1D3383650089315E /* SampleForPatrick.app */,
			);
			name = Products;
			sourceTree = "<group>";
		};
		CAFCD9AF1D3383650089315E /* SampleForPatrick */ = {
			isa = PBXGroup;
			children = (
				CAFCD9B01D3383650089315E /* AppDelegate.swift */,
				EDE25AE51D35EF40004B4E69 /* Newsfeed */,
				EDE25AE91D35F86F004B4E69 /* Detailed Timeline */,
				ED0798521D3DC9500009A73C /* Select Date */,
				EDE25AE71D35EF69004B4E69 /* Images Asset */,
				CAFCD9B71D3383650089315E /* Assets.xcassets */,
				CAFCD9B91D3383650089315E /* LaunchScreen.storyboard */,
				CAFCD9BC1D3383650089315E /* Info.plist */,
				EDE25AE81D35EF87004B4E69 /* Obsolete */,
				CAFCF76A1D3CC15C00350464 /* Helper */,
				EDC5F8E01D3CB9F100CBF488 /* Select Photo */,
			);
			path = SampleForPatrick;
			sourceTree = "<group>";
		};
		CAFCF76A1D3CC15C00350464 /* Helper */ = {
			isa = PBXGroup;
			children = (
				CAFCF7631D3C825F00350464 /* Autolayout.swift */,
				CAFCF76B1D3CC16C00350464 /* RandomColor.swift */,
			);
			name = Helper;
			sourceTree = "<group>";
		};
		CAFCF76D1D3CC18200350464 /* Extensions */ = {
			isa = PBXGroup;
			children = (
				EDE25AE11D35E6B2004B4E69 /* NewsfeedTableView.swift */,
				EDE25AE31D35EA1D004B4E69 /* NewsfeedCollectionView.swift */,
			);
			name = Extensions;
			sourceTree = "<group>";
		};
		CAFCF7731D3CC98B00350464 /* Newsfeed Cell */ = {
			isa = PBXGroup;
			children = (
				CAFCD9C41D3384130089315E /* NewsfeedTableViewCell.swift */,
				EDF62EAB1D3DE9F00072CAA8 /* NewsfeedCollectionViewCell.swift */,
				CAFCF7741D3CC9A400350464 /* Views Setup */,
			);
			name = "Newsfeed Cell";
			sourceTree = "<group>";
		};
		CAFCF7741D3CC9A400350464 /* Views Setup */ = {
			isa = PBXGroup;
			children = (
				CAFCF76F1D3CC95700350464 /* NewsfeedSetupContentView.swift */,
				CAFCF7711D3CC96300350464 /* NewsfeedSetupCollectionView.swift */,
			);
			name = "Views Setup";
			sourceTree = "<group>";
		};
		E9FD128FD500B8ECC6570827 /* Pods */ = {
			isa = PBXGroup;
			children = (
				917D856BAB5115A41FF3053B /* Pods-SampleForPatrick.debug.xcconfig */,
				7195089142FFF745DEA26EDB /* Pods-SampleForPatrick.release.xcconfig */,
			);
			name = Pods;
			sourceTree = "<group>";
		};
		ED0798521D3DC9500009A73C /* Select Date */ = {
			isa = PBXGroup;
			children = (
				ED0798531D3DC9710009A73C /* SelectDateViewController.swift */,
			);
			name = "Select Date";
			sourceTree = "<group>";
		};
		EDB9C5BE1D3DBCF500C89A1D /* Detailed Timeline Table Cell */ = {
			isa = PBXGroup;
			children = (
				ED19762B1D373B46004496C4 /* DetailedTimelineTableView.swift */,
				ED19762D1D373D34004496C4 /* DetailedTimelineTableViewCell.swift */,
			);
			name = "Detailed Timeline Table Cell";
			sourceTree = "<group>";
		};
		EDB9C5C11D3DBDEC00C89A1D /* Detailed Timeline Collection Cell */ = {
			isa = PBXGroup;
			children = (
				ED1976291D372FE6004496C4 /* DetailedTimelineCollectionView.swift */,
				ED1976331D378007004496C4 /* DetailedTimelineCollectionViewCell.swift */,
			);
			name = "Detailed Timeline Collection Cell";
			sourceTree = "<group>";
		};
		EDC5F8E01D3CB9F100CBF488 /* Select Photo */ = {
			isa = PBXGroup;
			children = (
				EDC5F8DE1D3CB9EB00CBF488 /* SelectPhotoViewController.swift */,
				EDC5F8E11D3CBC2400CBF488 /* SelectPhotoCollectionView.swift */,
				EDF62EA91D3DE9A50072CAA8 /* SelectPhotoCollectionViewCell.swift */,
			);
			name = "Select Photo";
			sourceTree = "<group>";
		};
		EDE25AE51D35EF40004B4E69 /* Newsfeed */ = {
			isa = PBXGroup;
			children = (
				CAFCD9B21D3383650089315E /* NewsfeedViewController.swift */,
				CAFCF7731D3CC98B00350464 /* Newsfeed Cell */,
				CAFCF76D1D3CC18200350464 /* Extensions */,
			);
			name = Newsfeed;
			sourceTree = "<group>";
		};
		EDE25AE71D35EF69004B4E69 /* Images Asset */ = {
			isa = PBXGroup;
			children = (
				EDF62EB11D3DFE400072CAA8 /* small-icon.png */,
				EDF62EB91D3E14A50072CAA8 /* small-location.png */,
				EDF62EB51D3DFEAE0072CAA8 /* world.png */,
				EDF62EB71D3DFEB70072CAA8 /* back-button.png */,
				EDF62EB31D3DFE860072CAA8 /* edit-button.png */,
				CAFCF7791D3CE20200350464 /* tw-cen-mt-condensed.ttf */,
				CAFCF77A1D3CE20200350464 /* tw-cen-mt-condensed-bold.ttf */,
				CAFCF77B1D3CE20200350464 /* tw-cen-mt-regular.ttf */,
				EDF62EAF1D3DEE150072CAA8 /* beach.jpg */,
			);
			name = "Images Asset";
			sourceTree = "<group>";
		};
		EDE25AE81D35EF87004B4E69 /* Obsolete */ = {
			isa = PBXGroup;
			children = (
			);
			name = Obsolete;
			sourceTree = "<group>";
		};
		EDE25AE91D35F86F004B4E69 /* Detailed Timeline */ = {
			isa = PBXGroup;
			children = (
				EDE25AEE1D3626A9004B4E69 /* DetailedTimelineViewController.swift */,
				EDF62EBB1D3E34AE0072CAA8 /* DetailedTimelineViewControllerBasic.swift */,
				EDB9C5BE1D3DBCF500C89A1D /* Detailed Timeline Table Cell */,
				EDB9C5C11D3DBDEC00C89A1D /* Detailed Timeline Collection Cell */,
			);
			name = "Detailed Timeline";
			path = ..;
			sourceTree = "<group>";
		};
		FF540B7EABCF46C196E0DA6B /* Frameworks */ = {
			isa = PBXGroup;
			children = (
				A574BD0A9B88FF9E8C2CA588 /* Pods_SampleForPatrick.framework */,
			);
			name = Frameworks;
			sourceTree = "<group>";
		};
/* End PBXGroup section */

/* Begin PBXNativeTarget section */
		CAFCD9AC1D3383650089315E /* SampleForPatrick */ = {
			isa = PBXNativeTarget;
			buildConfigurationList = CAFCD9BF1D3383650089315E /* Build configuration list for PBXNativeTarget "SampleForPatrick" */;
			buildPhases = (
				C842F462BD1A1C5C32291613 /* [CP] Check Pods Manifest.lock */,
				CAFCD9A91D3383650089315E /* Sources */,
				CAFCD9AA1D3383650089315E /* Frameworks */,
				CAFCD9AB1D3383650089315E /* Resources */,
				C29D39EBC7CEF57A9EEB5F70 /* [CP] Embed Pods Frameworks */,
				70A758C6DBE11567E1691B74 /* [CP] Copy Pods Resources */,
			);
			buildRules = (
			);
			dependencies = (
			);
			name = SampleForPatrick;
			productName = SampleForPatrick;
			productReference = CAFCD9AD1D3383650089315E /* SampleForPatrick.app */;
			productType = "com.apple.product-type.application";
		};
/* End PBXNativeTarget section */

/* Begin PBXProject section */
		CAFCD9A51D3383650089315E /* Project object */ = {
			isa = PBXProject;
			attributes = {
				LastSwiftUpdateCheck = 0730;
				LastUpgradeCheck = 0730;
				ORGANIZATIONNAME = "Reeve Yew";
				TargetAttributes = {
					CAFCD9AC1D3383650089315E = {
						CreatedOnToolsVersion = 7.3;
					};
				};
			};
			buildConfigurationList = CAFCD9A81D3383650089315E /* Build configuration list for PBXProject "SampleForPatrick" */;
			compatibilityVersion = "Xcode 3.2";
			developmentRegion = English;
			hasScannedForEncodings = 0;
			knownRegions = (
				en,
				Base,
			);
			mainGroup = CAFCD9A41D3383650089315E;
			productRefGroup = CAFCD9AE1D3383650089315E /* Products */;
			projectDirPath = "";
			projectRoot = "";
			targets = (
				CAFCD9AC1D3383650089315E /* SampleForPatrick */,
			);
		};
/* End PBXProject section */

/* Begin PBXResourcesBuildPhase section */
		CAFCD9AB1D3383650089315E /* Resources */ = {
			isa = PBXResourcesBuildPhase;
			buildActionMask = 2147483647;
			files = (
				EDF62EB21D3DFE400072CAA8 /* small-icon.png in Resources */,
				CAFCD9BB1D3383650089315E /* LaunchScreen.storyboard in Resources */,
				CAFCF77C1D3CE20200350464 /* tw-cen-mt-condensed.ttf in Resources */,
				CAFCD9B81D3383650089315E /* Assets.xcassets in Resources */,
				EDF62EB61D3DFEAE0072CAA8 /* world.png in Resources */,
				EDF62EB01D3DEE150072CAA8 /* beach.jpg in Resources */,
				CAFCF77E1D3CE20200350464 /* tw-cen-mt-regular.ttf in Resources */,
				CAFCF77D1D3CE20200350464 /* tw-cen-mt-condensed-bold.ttf in Resources */,
				EDF62EB81D3DFEB70072CAA8 /* back-button.png in Resources */,
				EDF62EBA1D3E14A50072CAA8 /* small-location.png in Resources */,
				EDF62EB41D3DFE860072CAA8 /* edit-button.png in Resources */,
			);
			runOnlyForDeploymentPostprocessing = 0;
		};
/* End PBXResourcesBuildPhase section */

/* Begin PBXShellScriptBuildPhase section */
		70A758C6DBE11567E1691B74 /* [CP] Copy Pods Resources */ = {
			isa = PBXShellScriptBuildPhase;
			buildActionMask = 2147483647;
			files = (
			);
			inputPaths = (
			);
			name = "[CP] Copy Pods Resources";
			outputPaths = (
			);
			runOnlyForDeploymentPostprocessing = 0;
			shellPath = /bin/sh;
			shellScript = "\"${SRCROOT}/Pods/Target Support Files/Pods-SampleForPatrick/Pods-SampleForPatrick-resources.sh\"\n";
			showEnvVarsInLog = 0;
		};
		C29D39EBC7CEF57A9EEB5F70 /* [CP] Embed Pods Frameworks */ = {
			isa = PBXShellScriptBuildPhase;
			buildActionMask = 2147483647;
			files = (
			);
			inputPaths = (
			);
			name = "[CP] Embed Pods Frameworks";
			outputPaths = (
			);
			runOnlyForDeploymentPostprocessing = 0;
			shellPath = /bin/sh;
			shellScript = "\"${SRCROOT}/Pods/Target Support Files/Pods-SampleForPatrick/Pods-SampleForPatrick-frameworks.sh\"\n";
			showEnvVarsInLog = 0;
		};
		C842F462BD1A1C5C32291613 /* [CP] Check Pods Manifest.lock */ = {
			isa = PBXShellScriptBuildPhase;
			buildActionMask = 2147483647;
			files = (
			);
			inputPaths = (
			);
			name = "[CP] Check Pods Manifest.lock";
			outputPaths = (
			);
			runOnlyForDeploymentPostprocessing = 0;
			shellPath = /bin/sh;
			shellScript = "diff \"${PODS_ROOT}/../Podfile.lock\" \"${PODS_ROOT}/Manifest.lock\" > /dev/null\nif [[ $? != 0 ]] ; then\n    cat << EOM\nerror: The sandbox is not in sync with the Podfile.lock. Run 'pod install' or update your CocoaPods installation.\nEOM\n    exit 1\nfi\n";
			showEnvVarsInLog = 0;
		};
/* End PBXShellScriptBuildPhase section */

/* Begin PBXSourcesBuildPhase section */
		CAFCD9A91D3383650089315E /* Sources */ = {
			isa = PBXSourcesBuildPhase;
			buildActionMask = 2147483647;
			files = (
				ED1976341D378007004496C4 /* DetailedTimelineCollectionViewCell.swift in Sources */,
				CAFCD9B31D3383650089315E /* NewsfeedViewController.swift in Sources */,
				CAFCF7641D3C825F00350464 /* Autolayout.swift in Sources */,
				CAFCD9B11D3383650089315E /* AppDelegate.swift in Sources */,
				CAFCD9C51D3384130089315E /* NewsfeedTableViewCell.swift in Sources */,
				EDF62EAC1D3DE9F00072CAA8 /* NewsfeedCollectionViewCell.swift in Sources */,
				EDF62EBC1D3E34AE0072CAA8 /* DetailedTimelineViewControllerBasic.swift in Sources */,
				EDF62EAA1D3DE9A50072CAA8 /* SelectPhotoCollectionViewCell.swift in Sources */,
				ED0798541D3DC9710009A73C /* SelectDateViewController.swift in Sources */,
				ED19762C1D373B46004496C4 /* DetailedTimelineTableView.swift in Sources */,
				CAFCF76C1D3CC16C00350464 /* RandomColor.swift in Sources */,
				EDC5F8E21D3CBC2400CBF488 /* SelectPhotoCollectionView.swift in Sources */,
				ED19762E1D373D34004496C4 /* DetailedTimelineTableViewCell.swift in Sources */,
				EDC5F8DF1D3CB9EB00CBF488 /* SelectPhotoViewController.swift in Sources */,
				EDE25AE21D35E6B2004B4E69 /* NewsfeedTableView.swift in Sources */,
				CAFCF7701D3CC95700350464 /* NewsfeedSetupContentView.swift in Sources */,
				EDE25AEF1D3626A9004B4E69 /* DetailedTimelineViewController.swift in Sources */,
				ED19762A1D372FE6004496C4 /* DetailedTimelineCollectionView.swift in Sources */,
				EDE25AE41D35EA1D004B4E69 /* NewsfeedCollectionView.swift in Sources */,
				CAFCF7721D3CC96300350464 /* NewsfeedSetupCollectionView.swift in Sources */,
			);
			runOnlyForDeploymentPostprocessing = 0;
		};
/* End PBXSourcesBuildPhase section */

/* Begin PBXVariantGroup section */
		CAFCD9B91D3383650089315E /* LaunchScreen.storyboard */ = {
			isa = PBXVariantGroup;
			children = (
				CAFCD9BA1D3383650089315E /* Base */,
			);
			name = LaunchScreen.storyboard;
			sourceTree = "<group>";
		};
/* End PBXVariantGroup section */

/* Begin XCBuildConfiguration section */
		CAFCD9BD1D3383650089315E /* Debug */ = {
			isa = XCBuildConfiguration;
			buildSettings = {
				ALWAYS_SEARCH_USER_PATHS = NO;
				CLANG_ANALYZER_NONNULL = YES;
				CLANG_CXX_LANGUAGE_STANDARD = "gnu++0x";
				CLANG_CXX_LIBRARY = "libc++";
				CLANG_ENABLE_MODULES = YES;
				CLANG_ENABLE_OBJC_ARC = YES;
				CLANG_WARN_BOOL_CONVERSION = YES;
				CLANG_WARN_CONSTANT_CONVERSION = YES;
				CLANG_WARN_DIRECT_OBJC_ISA_USAGE = YES_ERROR;
				CLANG_WARN_EMPTY_BODY = YES;
				CLANG_WARN_ENUM_CONVERSION = YES;
				CLANG_WARN_INT_CONVERSION = YES;
				CLANG_WARN_OBJC_ROOT_CLASS = YES_ERROR;
				CLANG_WARN_UNREACHABLE_CODE = YES;
				CLANG_WARN__DUPLICATE_METHOD_MATCH = YES;
				"CODE_SIGN_IDENTITY[sdk=iphoneos*]" = "iPhone Developer";
				COPY_PHASE_STRIP = NO;
				DEBUG_INFORMATION_FORMAT = dwarf;
				ENABLE_STRICT_OBJC_MSGSEND = YES;
				ENABLE_TESTABILITY = YES;
				GCC_C_LANGUAGE_STANDARD = gnu99;
				GCC_DYNAMIC_NO_PIC = NO;
				GCC_NO_COMMON_BLOCKS = YES;
				GCC_OPTIMIZATION_LEVEL = 0;
				GCC_PREPROCESSOR_DEFINITIONS = (
					"DEBUG=1",
					"$(inherited)",
				);
				GCC_WARN_64_TO_32_BIT_CONVERSION = YES;
				GCC_WARN_ABOUT_RETURN_TYPE = YES_ERROR;
				GCC_WARN_UNDECLARED_SELECTOR = YES;
				GCC_WARN_UNINITIALIZED_AUTOS = YES_AGGRESSIVE;
				GCC_WARN_UNUSED_FUNCTION = YES;
				GCC_WARN_UNUSED_VARIABLE = YES;
				IPHONEOS_DEPLOYMENT_TARGET = 9.3;
				MTL_ENABLE_DEBUG_INFO = YES;
				ONLY_ACTIVE_ARCH = YES;
				SDKROOT = iphoneos;
				SWIFT_OPTIMIZATION_LEVEL = "-Onone";
			};
			name = Debug;
		};
		CAFCD9BE1D3383650089315E /* Release */ = {
			isa = XCBuildConfiguration;
			buildSettings = {
				ALWAYS_SEARCH_USER_PATHS = NO;
				CLANG_ANALYZER_NONNULL = YES;
				CLANG_CXX_LANGUAGE_STANDARD = "gnu++0x";
				CLANG_CXX_LIBRARY = "libc++";
				CLANG_ENABLE_MODULES = YES;
				CLANG_ENABLE_OBJC_ARC = YES;
				CLANG_WARN_BOOL_CONVERSION = YES;
				CLANG_WARN_CONSTANT_CONVERSION = YES;
				CLANG_WARN_DIRECT_OBJC_ISA_USAGE = YES_ERROR;
				CLANG_WARN_EMPTY_BODY = YES;
				CLANG_WARN_ENUM_CONVERSION = YES;
				CLANG_WARN_INT_CONVERSION = YES;
				CLANG_WARN_OBJC_ROOT_CLASS = YES_ERROR;
				CLANG_WARN_UNREACHABLE_CODE = YES;
				CLANG_WARN__DUPLICATE_METHOD_MATCH = YES;
				"CODE_SIGN_IDENTITY[sdk=iphoneos*]" = "iPhone Developer";
				COPY_PHASE_STRIP = NO;
				DEBUG_INFORMATION_FORMAT = "dwarf-with-dsym";
				ENABLE_NS_ASSERTIONS = NO;
				ENABLE_STRICT_OBJC_MSGSEND = YES;
				GCC_C_LANGUAGE_STANDARD = gnu99;
				GCC_NO_COMMON_BLOCKS = YES;
				GCC_WARN_64_TO_32_BIT_CONVERSION = YES;
				GCC_WARN_ABOUT_RETURN_TYPE = YES_ERROR;
				GCC_WARN_UNDECLARED_SELECTOR = YES;
				GCC_WARN_UNINITIALIZED_AUTOS = YES_AGGRESSIVE;
				GCC_WARN_UNUSED_FUNCTION = YES;
				GCC_WARN_UNUSED_VARIABLE = YES;
				IPHONEOS_DEPLOYMENT_TARGET = 9.3;
				MTL_ENABLE_DEBUG_INFO = NO;
				SDKROOT = iphoneos;
				VALIDATE_PRODUCT = YES;
			};
			name = Release;
		};
		CAFCD9C01D3383650089315E /* Debug */ = {
			isa = XCBuildConfiguration;
			baseConfigurationReference = 917D856BAB5115A41FF3053B /* Pods-SampleForPatrick.debug.xcconfig */;
			buildSettings = {
				ASSETCATALOG_COMPILER_APPICON_NAME = AppIcon;
				INFOPLIST_FILE = SampleForPatrick/Info.plist;
				LD_RUNPATH_SEARCH_PATHS = "$(inherited) @executable_path/Frameworks";
				PRODUCT_BUNDLE_IDENTIFIER = com.reeveyew.SampleForPatrick;
				PRODUCT_NAME = "$(TARGET_NAME)";
			};
			name = Debug;
		};
		CAFCD9C11D3383650089315E /* Release */ = {
			isa = XCBuildConfiguration;
			baseConfigurationReference = 7195089142FFF745DEA26EDB /* Pods-SampleForPatrick.release.xcconfig */;
			buildSettings = {
				ASSETCATALOG_COMPILER_APPICON_NAME = AppIcon;
				INFOPLIST_FILE = SampleForPatrick/Info.plist;
				LD_RUNPATH_SEARCH_PATHS = "$(inherited) @executable_path/Frameworks";
				PRODUCT_BUNDLE_IDENTIFIER = com.reeveyew.SampleForPatrick;
				PRODUCT_NAME = "$(TARGET_NAME)";
			};
			name = Release;
		};
/* End XCBuildConfiguration section */

/* Begin XCConfigurationList section */
		CAFCD9A81D3383650089315E /* Build configuration list for PBXProject "SampleForPatrick" */ = {
			isa = XCConfigurationList;
			buildConfigurations = (
				CAFCD9BD1D3383650089315E /* Debug */,
				CAFCD9BE1D3383650089315E /* Release */,
			);
			defaultConfigurationIsVisible = 0;
			defaultConfigurationName = Release;
		};
		CAFCD9BF1D3383650089315E /* Build configuration list for PBXNativeTarget "SampleForPatrick" */ = {
			isa = XCConfigurationList;
			buildConfigurations = (
				CAFCD9C01D3383650089315E /* Debug */,
				CAFCD9C11D3383650089315E /* Release */,
			);
			defaultConfigurationIsVisible = 0;
			defaultConfigurationName = Release;
		};
/* End XCConfigurationList section */
	};
	rootObject = CAFCD9A51D3383650089315E /* Project object */;
}
