// !$*UTF8*$!
{
	archiveVersion = 1;
	classes = {
	};
	objectVersion = 46;
	objects = {

/* Begin PBXBuildFile section */
		0159FC02F3ECBA2768675EAC /* Pods_SampleForPatrick.framework in Frameworks */ = {isa = PBXBuildFile; fileRef = A574BD0A9B88FF9E8C2CA588 /* Pods_SampleForPatrick.framework */; };
		CAFCD9B11D3383650089315E /* AppDelegate.swift in Sources */ = {isa = PBXBuildFile; fileRef = CAFCD9B01D3383650089315E /* AppDelegate.swift */; };
		CAFCD9B31D3383650089315E /* HomeViewController.swift in Sources */ = {isa = PBXBuildFile; fileRef = CAFCD9B21D3383650089315E /* HomeViewController.swift */; };
		CAFCD9B61D3383650089315E /* Main.storyboard in Resources */ = {isa = PBXBuildFile; fileRef = CAFCD9B41D3383650089315E /* Main.storyboard */; };
		CAFCD9B81D3383650089315E /* Assets.xcassets in Resources */ = {isa = PBXBuildFile; fileRef = CAFCD9B71D3383650089315E /* Assets.xcassets */; };
		CAFCD9BB1D3383650089315E /* LaunchScreen.storyboard in Resources */ = {isa = PBXBuildFile; fileRef = CAFCD9B91D3383650089315E /* LaunchScreen.storyboard */; };
		CAFCD9C51D3384130089315E /* NewsfeedTableViewCell.swift in Sources */ = {isa = PBXBuildFile; fileRef = CAFCD9C41D3384130089315E /* NewsfeedTableViewCell.swift */; };
		ED2B7E811D34A67400361B6A /* NewsfeedViewController.swift in Sources */ = {isa = PBXBuildFile; fileRef = ED2B7E801D34A67400361B6A /* NewsfeedViewController.swift */; };
		ED8D5E451D357161002D60FD /* paris.jpg in Resources */ = {isa = PBXBuildFile; fileRef = ED8D5E441D357161002D60FD /* paris.jpg */; };
		ED8D5E491D35B226002D60FD /* location-icon.png in Resources */ = {isa = PBXBuildFile; fileRef = ED8D5E481D35B226002D60FD /* location-icon.png */; };
		EDC583AE1D35421C00B96083 /* avatar.jpg in Resources */ = {isa = PBXBuildFile; fileRef = EDC583AD1D35421C00B96083 /* avatar.jpg */; };
		EDE25ADC1D35E2B3004B4E69 /* mountain.jpg in Resources */ = {isa = PBXBuildFile; fileRef = EDE25ADB1D35E2B3004B4E69 /* mountain.jpg */; };
		EDE25AE21D35E6B2004B4E69 /* HomeTableView.swift in Sources */ = {isa = PBXBuildFile; fileRef = EDE25AE11D35E6B2004B4E69 /* HomeTableView.swift */; };
		EDE25AE41D35EA1D004B4E69 /* CollectionTableView.swift in Sources */ = {isa = PBXBuildFile; fileRef = EDE25AE31D35EA1D004B4E69 /* CollectionTableView.swift */; };
		EDE25AED1D361B6C004B4E69 /* beach.jpg in Resources */ = {isa = PBXBuildFile; fileRef = EDE25AEC1D361B6C004B4E69 /* beach.jpg */; };
		EDE25AEF1D3626A9004B4E69 /* HomeTimeline.swift in Sources */ = {isa = PBXBuildFile; fileRef = EDE25AEE1D3626A9004B4E69 /* HomeTimeline.swift */; };
/* End PBXBuildFile section */

/* Begin PBXFileReference section */
		7195089142FFF745DEA26EDB /* Pods-SampleForPatrick.release.xcconfig */ = {isa = PBXFileReference; includeInIndex = 1; lastKnownFileType = text.xcconfig; name = "Pods-SampleForPatrick.release.xcconfig"; path = "Pods/Target Support Files/Pods-SampleForPatrick/Pods-SampleForPatrick.release.xcconfig"; sourceTree = "<group>"; };
		917D856BAB5115A41FF3053B /* Pods-SampleForPatrick.debug.xcconfig */ = {isa = PBXFileReference; includeInIndex = 1; lastKnownFileType = text.xcconfig; name = "Pods-SampleForPatrick.debug.xcconfig"; path = "Pods/Target Support Files/Pods-SampleForPatrick/Pods-SampleForPatrick.debug.xcconfig"; sourceTree = "<group>"; };
		A574BD0A9B88FF9E8C2CA588 /* Pods_SampleForPatrick.framework */ = {isa = PBXFileReference; explicitFileType = wrapper.framework; includeInIndex = 0; path = Pods_SampleForPatrick.framework; sourceTree = BUILT_PRODUCTS_DIR; };
		CAFCD9AD1D3383650089315E /* SampleForPatrick.app */ = {isa = PBXFileReference; explicitFileType = wrapper.application; includeInIndex = 0; path = SampleForPatrick.app; sourceTree = BUILT_PRODUCTS_DIR; };
		CAFCD9B01D3383650089315E /* AppDelegate.swift */ = {isa = PBXFileReference; lastKnownFileType = sourcecode.swift; path = AppDelegate.swift; sourceTree = "<group>"; };
		CAFCD9B21D3383650089315E /* HomeViewController.swift */ = {isa = PBXFileReference; lastKnownFileType = sourcecode.swift; path = HomeViewController.swift; sourceTree = "<group>"; };
		CAFCD9B51D3383650089315E /* Base */ = {isa = PBXFileReference; lastKnownFileType = file.storyboard; name = Base; path = Base.lproj/Main.storyboard; sourceTree = "<group>"; };
		CAFCD9B71D3383650089315E /* Assets.xcassets */ = {isa = PBXFileReference; lastKnownFileType = folder.assetcatalog; path = Assets.xcassets; sourceTree = "<group>"; };
		CAFCD9BA1D3383650089315E /* Base */ = {isa = PBXFileReference; lastKnownFileType = file.storyboard; name = Base; path = Base.lproj/LaunchScreen.storyboard; sourceTree = "<group>"; };
		CAFCD9BC1D3383650089315E /* Info.plist */ = {isa = PBXFileReference; lastKnownFileType = text.plist.xml; path = Info.plist; sourceTree = "<group>"; };
		CAFCD9C41D3384130089315E /* NewsfeedTableViewCell.swift */ = {isa = PBXFileReference; fileEncoding = 4; lastKnownFileType = sourcecode.swift; name = NewsfeedTableViewCell.swift; path = ../NewsfeedTableViewCell.swift; sourceTree = "<group>"; };
		ED2B7E801D34A67400361B6A /* NewsfeedViewController.swift */ = {isa = PBXFileReference; fileEncoding = 4; lastKnownFileType = sourcecode.swift; path = NewsfeedViewController.swift; sourceTree = "<group>"; };
		ED8D5E441D357161002D60FD /* paris.jpg */ = {isa = PBXFileReference; lastKnownFileType = image.jpeg; path = paris.jpg; sourceTree = "<group>"; };
		ED8D5E481D35B226002D60FD /* location-icon.png */ = {isa = PBXFileReference; lastKnownFileType = image.png; path = "location-icon.png"; sourceTree = "<group>"; };
		EDC583AD1D35421C00B96083 /* avatar.jpg */ = {isa = PBXFileReference; lastKnownFileType = image.jpeg; path = avatar.jpg; sourceTree = "<group>"; };
		EDE25ADB1D35E2B3004B4E69 /* mountain.jpg */ = {isa = PBXFileReference; lastKnownFileType = image.jpeg; path = mountain.jpg; sourceTree = "<group>"; };
		EDE25AE11D35E6B2004B4E69 /* HomeTableView.swift */ = {isa = PBXFileReference; fileEncoding = 4; lastKnownFileType = sourcecode.swift; path = HomeTableView.swift; sourceTree = "<group>"; };
		EDE25AE31D35EA1D004B4E69 /* CollectionTableView.swift */ = {isa = PBXFileReference; fileEncoding = 4; lastKnownFileType = sourcecode.swift; path = CollectionTableView.swift; sourceTree = "<group>"; };
		EDE25AEC1D361B6C004B4E69 /* beach.jpg */ = {isa = PBXFileReference; lastKnownFileType = image.jpeg; path = beach.jpg; sourceTree = "<group>"; };
		EDE25AEE1D3626A9004B4E69 /* HomeTimeline.swift */ = {isa = PBXFileReference; fileEncoding = 4; lastKnownFileType = sourcecode.swift; path = HomeTimeline.swift; sourceTree = "<group>"; };
/* End PBXFileReference section */

/* Begin PBXFrameworksBuildPhase section */
		CAFCD9AA1D3383650089315E /* Frameworks */ = {
			isa = PBXFrameworksBuildPhase;
			buildActionMask = 2147483647;
			files = (
				0159FC02F3ECBA2768675EAC /* Pods_SampleForPatrick.framework in Frameworks */,
			);
			runOnlyForDeploymentPostprocessing = 0;
		};
/* End PBXFrameworksBuildPhase section */

/* Begin PBXGroup section */
		CAFCD9A41D3383650089315E = {
			isa = PBXGroup;
			children = (
				EDE25AE91D35F86F004B4E69 /* Detail Timeline */,
				CAFCD9AF1D3383650089315E /* SampleForPatrick */,
				CAFCD9AE1D3383650089315E /* Products */,
				E9FD128FD500B8ECC6570827 /* Pods */,
				FF540B7EABCF46C196E0DA6B /* Frameworks */,
			);
			sourceTree = "<group>";
		};
		CAFCD9AE1D3383650089315E /* Products */ = {
			isa = PBXGroup;
			children = (
				CAFCD9AD1D3383650089315E /* SampleForPatrick.app */,
			);
			name = Products;
			sourceTree = "<group>";
		};
		CAFCD9AF1D3383650089315E /* SampleForPatrick */ = {
			isa = PBXGroup;
			children = (
				CAFCD9B01D3383650089315E /* AppDelegate.swift */,
				EDE25AE61D35EF4E004B4E69 /* HomeTableViewCell */,
				EDE25AE71D35EF69004B4E69 /* Pictures */,
				EDE25AE51D35EF40004B4E69 /* HomeViewController */,
				CAFCD9B41D3383650089315E /* Main.storyboard */,
				CAFCD9B71D3383650089315E /* Assets.xcassets */,
				CAFCD9B91D3383650089315E /* LaunchScreen.storyboard */,
				CAFCD9BC1D3383650089315E /* Info.plist */,
				EDE25AE81D35EF87004B4E69 /* Obsolete */,
			);
			path = SampleForPatrick;
			sourceTree = "<group>";
		};
		E9FD128FD500B8ECC6570827 /* Pods */ = {
			isa = PBXGroup;
			children = (
				917D856BAB5115A41FF3053B /* Pods-SampleForPatrick.debug.xcconfig */,
				7195089142FFF745DEA26EDB /* Pods-SampleForPatrick.release.xcconfig */,
			);
			name = Pods;
			sourceTree = "<group>";
		};
		EDE25AE51D35EF40004B4E69 /* HomeViewController */ = {
			isa = PBXGroup;
			children = (
				CAFCD9B21D3383650089315E /* HomeViewController.swift */,
				EDE25AE11D35E6B2004B4E69 /* HomeTableView.swift */,
				EDE25AE31D35EA1D004B4E69 /* CollectionTableView.swift */,
			);
			name = HomeViewController;
			sourceTree = "<group>";
		};
		EDE25AE61D35EF4E004B4E69 /* HomeTableViewCell */ = {
			isa = PBXGroup;
			children = (
				CAFCD9C41D3384130089315E /* NewsfeedTableViewCell.swift */,
			);
			name = HomeTableViewCell;
			sourceTree = "<group>";
		};
		EDE25AE71D35EF69004B4E69 /* Pictures */ = {
			isa = PBXGroup;
			children = (
				EDE25ADB1D35E2B3004B4E69 /* mountain.jpg */,
				EDE25AEC1D361B6C004B4E69 /* beach.jpg */,
				ED8D5E441D357161002D60FD /* paris.jpg */,
				EDC583AD1D35421C00B96083 /* avatar.jpg */,
				ED8D5E481D35B226002D60FD /* location-icon.png */,
			);
			name = Pictures;
			sourceTree = "<group>";
		};
		EDE25AE81D35EF87004B4E69 /* Obsolete */ = {
			isa = PBXGroup;
			children = (
				ED2B7E801D34A67400361B6A /* NewsfeedViewController.swift */,
			);
			name = Obsolete;
			sourceTree = "<group>";
		};
		EDE25AE91D35F86F004B4E69 /* Detail Timeline */ = {
			isa = PBXGroup;
			children = (
				EDE25AEE1D3626A9004B4E69 /* HomeTimeline.swift */,
			);
			name = "Detail Timeline";
			sourceTree = "<group>";
		};
		FF540B7EABCF46C196E0DA6B /* Frameworks */ = {
			isa = PBXGroup;
			children = (
				A574BD0A9B88FF9E8C2CA588 /* Pods_SampleForPatrick.framework */,
			);
			name = Frameworks;
			sourceTree = "<group>";
		};
/* End PBXGroup section */

/* Begin PBXNativeTarget section */
		CAFCD9AC1D3383650089315E /* SampleForPatrick */ = {
			isa = PBXNativeTarget;
			buildConfigurationList = CAFCD9BF1D3383650089315E /* Build configuration list for PBXNativeTarget "SampleForPatrick" */;
			buildPhases = (
				C842F462BD1A1C5C32291613 /* [CP] Check Pods Manifest.lock */,
				CAFCD9A91D3383650089315E /* Sources */,
				CAFCD9AA1D3383650089315E /* Frameworks */,
				CAFCD9AB1D3383650089315E /* Resources */,
				C29D39EBC7CEF57A9EEB5F70 /* [CP] Embed Pods Frameworks */,
				70A758C6DBE11567E1691B74 /* [CP] Copy Pods Resources */,
			);
			buildRules = (
			);
			dependencies = (
			);
			name = SampleForPatrick;
			productName = SampleForPatrick;
			productReference = CAFCD9AD1D3383650089315E /* SampleForPatrick.app */;
			productType = "com.apple.product-type.application";
		};
/* End PBXNativeTarget section */

/* Begin PBXProject section */
		CAFCD9A51D3383650089315E /* Project object */ = {
			isa = PBXProject;
			attributes = {
				LastSwiftUpdateCheck = 0730;
				LastUpgradeCheck = 0730;
				ORGANIZATIONNAME = "Reeve Yew";
				TargetAttributes = {
					CAFCD9AC1D3383650089315E = {
						CreatedOnToolsVersion = 7.3;
					};
				};
			};
			buildConfigurationList = CAFCD9A81D3383650089315E /* Build configuration list for PBXProject "SampleForPatrick" */;
			compatibilityVersion = "Xcode 3.2";
			developmentRegion = English;
			hasScannedForEncodings = 0;
			knownRegions = (
				en,
				Base,
			);
			mainGroup = CAFCD9A41D3383650089315E;
			productRefGroup = CAFCD9AE1D3383650089315E /* Products */;
			projectDirPath = "";
			projectRoot = "";
			targets = (
				CAFCD9AC1D3383650089315E /* SampleForPatrick */,
			);
		};
/* End PBXProject section */

/* Begin PBXResourcesBuildPhase section */
		CAFCD9AB1D3383650089315E /* Resources */ = {
			isa = PBXResourcesBuildPhase;
			buildActionMask = 2147483647;
			files = (
				ED8D5E491D35B226002D60FD /* location-icon.png in Resources */,
				CAFCD9BB1D3383650089315E /* LaunchScreen.storyboard in Resources */,
				EDC583AE1D35421C00B96083 /* avatar.jpg in Resources */,
				EDE25AED1D361B6C004B4E69 /* beach.jpg in Resources */,
				CAFCD9B81D3383650089315E /* Assets.xcassets in Resources */,
				CAFCD9B61D3383650089315E /* Main.storyboard in Resources */,
				EDE25ADC1D35E2B3004B4E69 /* mountain.jpg in Resources */,
				ED8D5E451D357161002D60FD /* paris.jpg in Resources */,
			);
			runOnlyForDeploymentPostprocessing = 0;
		};
/* End PBXResourcesBuildPhase section */

/* Begin PBXShellScriptBuildPhase section */
		70A758C6DBE11567E1691B74 /* [CP] Copy Pods Resources */ = {
			isa = PBXShellScriptBuildPhase;
			buildActionMask = 2147483647;
			files = (
			);
			inputPaths = (
			);
			name = "[CP] Copy Pods Resources";
			outputPaths = (
			);
			runOnlyForDeploymentPostprocessing = 0;
			shellPath = /bin/sh;
			shellScript = "\"${SRCROOT}/Pods/Target Support Files/Pods-SampleForPatrick/Pods-SampleForPatrick-resources.sh\"\n";
			showEnvVarsInLog = 0;
		};
		C29D39EBC7CEF57A9EEB5F70 /* [CP] Embed Pods Frameworks */ = {
			isa = PBXShellScriptBuildPhase;
			buildActionMask = 2147483647;
			files = (
			);
			inputPaths = (
			);
			name = "[CP] Embed Pods Frameworks";
			outputPaths = (
			);
			runOnlyForDeploymentPostprocessing = 0;
			shellPath = /bin/sh;
			shellScript = "\"${SRCROOT}/Pods/Target Support Files/Pods-SampleForPatrick/Pods-SampleForPatrick-frameworks.sh\"\n";
			showEnvVarsInLog = 0;
		};
		C842F462BD1A1C5C32291613 /* [CP] Check Pods Manifest.lock */ = {
			isa = PBXShellScriptBuildPhase;
			buildActionMask = 2147483647;
			files = (
			);
			inputPaths = (
			);
			name = "[CP] Check Pods Manifest.lock";
			outputPaths = (
			);
			runOnlyForDeploymentPostprocessing = 0;
			shellPath = /bin/sh;
			shellScript = "diff \"${PODS_ROOT}/../Podfile.lock\" \"${PODS_ROOT}/Manifest.lock\" > /dev/null\nif [[ $? != 0 ]] ; then\n    cat << EOM\nerror: The sandbox is not in sync with the Podfile.lock. Run 'pod install' or update your CocoaPods installation.\nEOM\n    exit 1\nfi\n";
			showEnvVarsInLog = 0;
		};
/* End PBXShellScriptBuildPhase section */

/* Begin PBXSourcesBuildPhase section */
		CAFCD9A91D3383650089315E /* Sources */ = {
			isa = PBXSourcesBuildPhase;
			buildActionMask = 2147483647;
			files = (
				CAFCD9B31D3383650089315E /* HomeViewController.swift in Sources */,
				CAFCD9B11D3383650089315E /* AppDelegate.swift in Sources */,
				ED2B7E811D34A67400361B6A /* NewsfeedViewController.swift in Sources */,
				CAFCD9C51D3384130089315E /* NewsfeedTableViewCell.swift in Sources */,
				EDE25AE21D35E6B2004B4E69 /* HomeTableView.swift in Sources */,
				EDE25AEF1D3626A9004B4E69 /* HomeTimeline.swift in Sources */,
				EDE25AE41D35EA1D004B4E69 /* CollectionTableView.swift in Sources */,
			);
			runOnlyForDeploymentPostprocessing = 0;
		};
/* End PBXSourcesBuildPhase section */

/* Begin PBXVariantGroup section */
		CAFCD9B41D3383650089315E /* Main.storyboard */ = {
			isa = PBXVariantGroup;
			children = (
				CAFCD9B51D3383650089315E /* Base */,
			);
			name = Main.storyboard;
			sourceTree = "<group>";
		};
		CAFCD9B91D3383650089315E /* LaunchScreen.storyboard */ = {
			isa = PBXVariantGroup;
			children = (
				CAFCD9BA1D3383650089315E /* Base */,
			);
			name = LaunchScreen.storyboard;
			sourceTree = "<group>";
		};
/* End PBXVariantGroup section */

/* Begin XCBuildConfiguration section */
		CAFCD9BD1D3383650089315E /* Debug */ = {
			isa = XCBuildConfiguration;
			buildSettings = {
				ALWAYS_SEARCH_USER_PATHS = NO;
				CLANG_ANALYZER_NONNULL = YES;
				CLANG_CXX_LANGUAGE_STANDARD = "gnu++0x";
				CLANG_CXX_LIBRARY = "libc++";
				CLANG_ENABLE_MODULES = YES;
				CLANG_ENABLE_OBJC_ARC = YES;
				CLANG_WARN_BOOL_CONVERSION = YES;
				CLANG_WARN_CONSTANT_CONVERSION = YES;
				CLANG_WARN_DIRECT_OBJC_ISA_USAGE = YES_ERROR;
				CLANG_WARN_EMPTY_BODY = YES;
				CLANG_WARN_ENUM_CONVERSION = YES;
				CLANG_WARN_INT_CONVERSION = YES;
				CLANG_WARN_OBJC_ROOT_CLASS = YES_ERROR;
				CLANG_WARN_UNREACHABLE_CODE = YES;
				CLANG_WARN__DUPLICATE_METHOD_MATCH = YES;
				"CODE_SIGN_IDENTITY[sdk=iphoneos*]" = "iPhone Developer";
				COPY_PHASE_STRIP = NO;
				DEBUG_INFORMATION_FORMAT = dwarf;
				ENABLE_STRICT_OBJC_MSGSEND = YES;
				ENABLE_TESTABILITY = YES;
				GCC_C_LANGUAGE_STANDARD = gnu99;
				GCC_DYNAMIC_NO_PIC = NO;
				GCC_NO_COMMON_BLOCKS = YES;
				GCC_OPTIMIZATION_LEVEL = 0;
				GCC_PREPROCESSOR_DEFINITIONS = (
					"DEBUG=1",
					"$(inherited)",
				);
				GCC_WARN_64_TO_32_BIT_CONVERSION = YES;
				GCC_WARN_ABOUT_RETURN_TYPE = YES_ERROR;
				GCC_WARN_UNDECLARED_SELECTOR = YES;
				GCC_WARN_UNINITIALIZED_AUTOS = YES_AGGRESSIVE;
				GCC_WARN_UNUSED_FUNCTION = YES;
				GCC_WARN_UNUSED_VARIABLE = YES;
				IPHONEOS_DEPLOYMENT_TARGET = 9.3;
				MTL_ENABLE_DEBUG_INFO = YES;
				ONLY_ACTIVE_ARCH = YES;
				SDKROOT = iphoneos;
				SWIFT_OPTIMIZATION_LEVEL = "-Onone";
			};
			name = Debug;
		};
		CAFCD9BE1D3383650089315E /* Release */ = {
			isa = XCBuildConfiguration;
			buildSettings = {
				ALWAYS_SEARCH_USER_PATHS = NO;
				CLANG_ANALYZER_NONNULL = YES;
				CLANG_CXX_LANGUAGE_STANDARD = "gnu++0x";
				CLANG_CXX_LIBRARY = "libc++";
				CLANG_ENABLE_MODULES = YES;
				CLANG_ENABLE_OBJC_ARC = YES;
				CLANG_WARN_BOOL_CONVERSION = YES;
				CLANG_WARN_CONSTANT_CONVERSION = YES;
				CLANG_WARN_DIRECT_OBJC_ISA_USAGE = YES_ERROR;
				CLANG_WARN_EMPTY_BODY = YES;
				CLANG_WARN_ENUM_CONVERSION = YES;
				CLANG_WARN_INT_CONVERSION = YES;
				CLANG_WARN_OBJC_ROOT_CLASS = YES_ERROR;
				CLANG_WARN_UNREACHABLE_CODE = YES;
				CLANG_WARN__DUPLICATE_METHOD_MATCH = YES;
				"CODE_SIGN_IDENTITY[sdk=iphoneos*]" = "iPhone Developer";
				COPY_PHASE_STRIP = NO;
				DEBUG_INFORMATION_FORMAT = "dwarf-with-dsym";
				ENABLE_NS_ASSERTIONS = NO;
				ENABLE_STRICT_OBJC_MSGSEND = YES;
				GCC_C_LANGUAGE_STANDARD = gnu99;
				GCC_NO_COMMON_BLOCKS = YES;
				GCC_WARN_64_TO_32_BIT_CONVERSION = YES;
				GCC_WARN_ABOUT_RETURN_TYPE = YES_ERROR;
				GCC_WARN_UNDECLARED_SELECTOR = YES;
				GCC_WARN_UNINITIALIZED_AUTOS = YES_AGGRESSIVE;
				GCC_WARN_UNUSED_FUNCTION = YES;
				GCC_WARN_UNUSED_VARIABLE = YES;
				IPHONEOS_DEPLOYMENT_TARGET = 9.3;
				MTL_ENABLE_DEBUG_INFO = NO;
				SDKROOT = iphoneos;
				VALIDATE_PRODUCT = YES;
			};
			name = Release;
		};
		CAFCD9C01D3383650089315E /* Debug */ = {
			isa = XCBuildConfiguration;
			baseConfigurationReference = 917D856BAB5115A41FF3053B /* Pods-SampleForPatrick.debug.xcconfig */;
			buildSettings = {
				ASSETCATALOG_COMPILER_APPICON_NAME = AppIcon;
				INFOPLIST_FILE = SampleForPatrick/Info.plist;
				LD_RUNPATH_SEARCH_PATHS = "$(inherited) @executable_path/Frameworks";
				PRODUCT_BUNDLE_IDENTIFIER = com.reeveyew.SampleForPatrick;
				PRODUCT_NAME = "$(TARGET_NAME)";
			};
			name = Debug;
		};
		CAFCD9C11D3383650089315E /* Release */ = {
			isa = XCBuildConfiguration;
			baseConfigurationReference = 7195089142FFF745DEA26EDB /* Pods-SampleForPatrick.release.xcconfig */;
			buildSettings = {
				ASSETCATALOG_COMPILER_APPICON_NAME = AppIcon;
				INFOPLIST_FILE = SampleForPatrick/Info.plist;
				LD_RUNPATH_SEARCH_PATHS = "$(inherited) @executable_path/Frameworks";
				PRODUCT_BUNDLE_IDENTIFIER = com.reeveyew.SampleForPatrick;
				PRODUCT_NAME = "$(TARGET_NAME)";
			};
			name = Release;
		};
/* End XCBuildConfiguration section */

/* Begin XCConfigurationList section */
		CAFCD9A81D3383650089315E /* Build configuration list for PBXProject "SampleForPatrick" */ = {
			isa = XCConfigurationList;
			buildConfigurations = (
				CAFCD9BD1D3383650089315E /* Debug */,
				CAFCD9BE1D3383650089315E /* Release */,
			);
			defaultConfigurationIsVisible = 0;
			defaultConfigurationName = Release;
		};
		CAFCD9BF1D3383650089315E /* Build configuration list for PBXNativeTarget "SampleForPatrick" */ = {
			isa = XCConfigurationList;
			buildConfigurations = (
				CAFCD9C01D3383650089315E /* Debug */,
				CAFCD9C11D3383650089315E /* Release */,
			);
			defaultConfigurationIsVisible = 0;
			defaultConfigurationName = Release;
		};
/* End XCConfigurationList section */
	};
	rootObject = CAFCD9A51D3383650089315E /* Project object */;
}
